
Microsoft Visual Studio Solution File, Format Version 11.00
# Visual Studio 2010
Project("{FAE04EC0-301F-11D3-BF4B-00C04F79EFBC}") = "Assembly-CSharp", "Assembly-CSharp.csproj", "{4043BB90-D379-14B1-8869-3D8DE1E802E1}"
EndProject
Project("{FAE04EC0-301F-11D3-BF4B-00C04F79EFBC}") = "Assembly-CSharp-firstpass", "Assembly-CSharp-firstpass.csproj", "{C6B7C453-DED4-C286-14B8-D4814A058706}"
EndProject
Global
	GlobalSection(SolutionConfigurationPlatforms) = preSolution
		Debug|Any CPU = Debug|Any CPU
		Release|Any CPU = Release|Any CPU
	EndGlobalSection
	GlobalSection(ProjectConfigurationPlatforms) = postSolution
		{4043BB90-D379-14B1-8869-3D8DE1E802E1}.Debug|Any CPU.ActiveCfg = Debug|Any CPU
		{4043BB90-D379-14B1-8869-3D8DE1E802E1}.Debug|Any CPU.Build.0 = Debug|Any CPU
		{4043BB90-D379-14B1-8869-3D8DE1E802E1}.Release|Any CPU.ActiveCfg = Release|Any CPU
		{4043BB90-D379-14B1-8869-3D8DE1E802E1}.Release|Any CPU.Build.0 = Release|Any CPU
		{C6B7C453-DED4-C286-14B8-D4814A058706}.Debug|Any CPU.ActiveCfg = Debug|Any CPU
		{C6B7C453-DED4-C286-14B8-D4814A058706}.Debug|Any CPU.Build.0 = Debug|Any CPU
		{C6B7C453-DED4-C286-14B8-D4814A058706}.Release|Any CPU.ActiveCfg = Release|Any CPU
		{C6B7C453-DED4-C286-14B8-D4814A058706}.Release|Any CPU.Build.0 = Release|Any CPU
	EndGlobalSection
	GlobalSection(SolutionProperties) = preSolution
		HideSolutionNode = FALSE
	EndGlobalSection
EndGlobal
